
Microsoft Visual Studio Solution File, Format Version 12.00
# Visual Studio 2012
Project("{CC5FD16D-436D-48AD-A40C-5A424C6E3E79}") = "WindowsAzureProject8", "WindowsAzureProject8.ccproj", "{7B64A2A6-9392-4CCD-B699-B1146A92D62C}"
EndProject
Project("{FAE04EC0-301F-11D3-BF4B-00C04F79EFBC}") = "WebRole1", "WebRole1\WebRole1.csproj", "{277749C6-C3CF-45DB-86F7-B185A83DCCB3}"
EndProject
Global
	GlobalSection(SolutionConfigurationPlatforms) = preSolution
		Debug|Any CPU = Debug|Any CPU
		Release|Any CPU = Release|Any CPU
	EndGlobalSection
	GlobalSection(ProjectConfigurationPlatforms) = postSolution
		{7B64A2A6-9392-4CCD-B699-B1146A92D62C}.Debug|Any CPU.ActiveCfg = Debug|Any CPU
		{7B64A2A6-9392-4CCD-B699-B1146A92D62C}.Debug|Any CPU.Build.0 = Debug|Any CPU
		{7B64A2A6-9392-4CCD-B699-B1146A92D62C}.Release|Any CPU.ActiveCfg = Release|Any CPU
		{7B64A2A6-9392-4CCD-B699-B1146A92D62C}.Release|Any CPU.Build.0 = Release|Any CPU
		{277749C6-C3CF-45DB-86F7-B185A83DCCB3}.Debug|Any CPU.ActiveCfg = Debug|Any CPU
		{277749C6-C3CF-45DB-86F7-B185A83DCCB3}.Debug|Any CPU.Build.0 = Debug|Any CPU
		{277749C6-C3CF-45DB-86F7-B185A83DCCB3}.Release|Any CPU.ActiveCfg = Release|Any CPU
		{277749C6-C3CF-45DB-86F7-B185A83DCCB3}.Release|Any CPU.Build.0 = Release|Any CPU
	EndGlobalSection
	GlobalSection(SolutionProperties) = preSolution
		HideSolutionNode = FALSE
	EndGlobalSection
EndGlobal
