
Microsoft Visual Studio Solution File, Format Version 12.00
# Visual Studio 2012
Project("{CC5FD16D-436D-48AD-A40C-5A424C6E3E79}") = "WindowsAzureProject8", "WindowsAzureProject8\WindowsAzureProject8.ccproj", "{F7A96FAF-0610-4A8F-8186-B0D42F5FCBED}"
EndProject
Project("{FAE04EC0-301F-11D3-BF4B-00C04F79EFBC}") = "WorkerRole1", "WorkerRole1\WorkerRole1.csproj", "{C208F17E-195D-4C3D-8D69-A5F37BB91575}"
EndProject
Global
	GlobalSection(SolutionConfigurationPlatforms) = preSolution
		Debug|Any CPU = Debug|Any CPU
		Release|Any CPU = Release|Any CPU
	EndGlobalSection
	GlobalSection(ProjectConfigurationPlatforms) = postSolution
		{F7A96FAF-0610-4A8F-8186-B0D42F5FCBED}.Debug|Any CPU.ActiveCfg = Debug|Any CPU
		{F7A96FAF-0610-4A8F-8186-B0D42F5FCBED}.Debug|Any CPU.Build.0 = Debug|Any CPU
		{F7A96FAF-0610-4A8F-8186-B0D42F5FCBED}.Release|Any CPU.ActiveCfg = Release|Any CPU
		{F7A96FAF-0610-4A8F-8186-B0D42F5FCBED}.Release|Any CPU.Build.0 = Release|Any CPU
		{C208F17E-195D-4C3D-8D69-A5F37BB91575}.Debug|Any CPU.ActiveCfg = Debug|Any CPU
		{C208F17E-195D-4C3D-8D69-A5F37BB91575}.Debug|Any CPU.Build.0 = Debug|Any CPU
		{C208F17E-195D-4C3D-8D69-A5F37BB91575}.Release|Any CPU.ActiveCfg = Release|Any CPU
		{C208F17E-195D-4C3D-8D69-A5F37BB91575}.Release|Any CPU.Build.0 = Release|Any CPU
	EndGlobalSection
	GlobalSection(SolutionProperties) = preSolution
		HideSolutionNode = FALSE
	EndGlobalSection
EndGlobal
