
Microsoft Visual Studio Solution File, Format Version 12.00
# Visual Studio 15
VisualStudioVersion = 15.0.28010.2019
MinimumVisualStudioVersion = 10.0.40219.1
Project("{9A19103F-16F7-4668-BE54-9A1E7A4F7556}") = "ImageObjectFiltering", "ImageObjectFiltering\ImageObjectFiltering.csproj", "{437087FA-A293-41A2-A235-F4765FEA529C}"
EndProject
Global
	GlobalSection(SolutionConfigurationPlatforms) = preSolution
		Debug|Any CPU = Debug|Any CPU
		Release|Any CPU = Release|Any CPU
	EndGlobalSection
	GlobalSection(ProjectConfigurationPlatforms) = postSolution
		{437087FA-A293-41A2-A235-F4765FEA529C}.Debug|Any CPU.ActiveCfg = Debug|Any CPU
		{437087FA-A293-41A2-A235-F4765FEA529C}.Debug|Any CPU.Build.0 = Debug|Any CPU
		{437087FA-A293-41A2-A235-F4765FEA529C}.Release|Any CPU.ActiveCfg = Release|Any CPU
		{437087FA-A293-41A2-A235-F4765FEA529C}.Release|Any CPU.Build.0 = Release|Any CPU
	EndGlobalSection
	GlobalSection(SolutionProperties) = preSolution
		HideSolutionNode = FALSE
	EndGlobalSection
	GlobalSection(ExtensibilityGlobals) = postSolution
		SolutionGuid = {6CFEB5D5-A1C6-4248-9373-1A987B2273B6}
	EndGlobalSection
EndGlobal
