
Microsoft Visual Studio Solution File, Format Version 12.00
# Visual Studio 14
VisualStudioVersion = 14.0.23023.0
MinimumVisualStudioVersion = 10.0.40219.1
Project("{CC5FD16D-436D-48AD-A40C-5A424C6E3E79}") = "Table", "Table.ccproj", "{639AC297-A461-4422-ABDF-5589499AB13B}"
EndProject
Project("{FAE04EC0-301F-11D3-BF4B-00C04F79EFBC}") = "Samples", "Samples\Samples.csproj", "{8CEF4AD1-03F3-40FF-9B94-4AAF824CD5CF}"
EndProject
Global
	GlobalSection(SolutionConfigurationPlatforms) = preSolution
		Debug|Any CPU = Debug|Any CPU
		Release|Any CPU = Release|Any CPU
	EndGlobalSection
	GlobalSection(ProjectConfigurationPlatforms) = postSolution
		{639AC297-A461-4422-ABDF-5589499AB13B}.Debug|Any CPU.ActiveCfg = Debug|Any CPU
		{639AC297-A461-4422-ABDF-5589499AB13B}.Debug|Any CPU.Build.0 = Debug|Any CPU
		{639AC297-A461-4422-ABDF-5589499AB13B}.Release|Any CPU.ActiveCfg = Release|Any CPU
		{639AC297-A461-4422-ABDF-5589499AB13B}.Release|Any CPU.Build.0 = Release|Any CPU
		{8CEF4AD1-03F3-40FF-9B94-4AAF824CD5CF}.Debug|Any CPU.ActiveCfg = Debug|Any CPU
		{8CEF4AD1-03F3-40FF-9B94-4AAF824CD5CF}.Debug|Any CPU.Build.0 = Debug|Any CPU
		{8CEF4AD1-03F3-40FF-9B94-4AAF824CD5CF}.Release|Any CPU.ActiveCfg = Release|Any CPU
		{8CEF4AD1-03F3-40FF-9B94-4AAF824CD5CF}.Release|Any CPU.Build.0 = Release|Any CPU
	EndGlobalSection
	GlobalSection(SolutionProperties) = preSolution
		HideSolutionNode = FALSE
	EndGlobalSection
	GlobalSection(CodealikeProperties) = postSolution
		SolutionGuid = 97a1e104-8118-429b-9ad2-5a21e6df7c20
	EndGlobalSection
EndGlobal
