
Microsoft Visual Studio Solution File, Format Version 12.00
# Visual Studio 2012
Project("{CC5FD16D-436D-48AD-A40C-5A424C6E3E79}") = "WindowsAzureProject12", "WindowsAzureProject12\WindowsAzureProject12.ccproj", "{15C15F15-BE28-4067-9B41-3A575B408357}"
EndProject
Project("{FAE04EC0-301F-11D3-BF4B-00C04F79EFBC}") = "WebRole1", "WebRole1\WebRole1.csproj", "{3AA7A7A4-54A6-4952-A8EF-DCAB7714DF20}"
EndProject
Project("{FAE04EC0-301F-11D3-BF4B-00C04F79EFBC}") = "WorkerRole1", "WorkerRole1\WorkerRole1.csproj", "{FB2E1536-9D64-4FE4-9CDE-CE9FA6654788}"
EndProject
Global
	GlobalSection(SolutionConfigurationPlatforms) = preSolution
		Debug|Any CPU = Debug|Any CPU
		Release|Any CPU = Release|Any CPU
	EndGlobalSection
	GlobalSection(ProjectConfigurationPlatforms) = postSolution
		{15C15F15-BE28-4067-9B41-3A575B408357}.Debug|Any CPU.ActiveCfg = Debug|Any CPU
		{15C15F15-BE28-4067-9B41-3A575B408357}.Debug|Any CPU.Build.0 = Debug|Any CPU
		{15C15F15-BE28-4067-9B41-3A575B408357}.Release|Any CPU.ActiveCfg = Release|Any CPU
		{15C15F15-BE28-4067-9B41-3A575B408357}.Release|Any CPU.Build.0 = Release|Any CPU
		{3AA7A7A4-54A6-4952-A8EF-DCAB7714DF20}.Debug|Any CPU.ActiveCfg = Debug|Any CPU
		{3AA7A7A4-54A6-4952-A8EF-DCAB7714DF20}.Debug|Any CPU.Build.0 = Debug|Any CPU
		{3AA7A7A4-54A6-4952-A8EF-DCAB7714DF20}.Release|Any CPU.ActiveCfg = Release|Any CPU
		{3AA7A7A4-54A6-4952-A8EF-DCAB7714DF20}.Release|Any CPU.Build.0 = Release|Any CPU
		{FB2E1536-9D64-4FE4-9CDE-CE9FA6654788}.Debug|Any CPU.ActiveCfg = Debug|Any CPU
		{FB2E1536-9D64-4FE4-9CDE-CE9FA6654788}.Debug|Any CPU.Build.0 = Debug|Any CPU
		{FB2E1536-9D64-4FE4-9CDE-CE9FA6654788}.Release|Any CPU.ActiveCfg = Release|Any CPU
		{FB2E1536-9D64-4FE4-9CDE-CE9FA6654788}.Release|Any CPU.Build.0 = Release|Any CPU
	EndGlobalSection
	GlobalSection(SolutionProperties) = preSolution
		HideSolutionNode = FALSE
	EndGlobalSection
EndGlobal
